PODS:
  - BGTableViewRowActionWithImage (0.1.2)
  - DGRunkeeperSwitch (1.1.1)
  - FSCalendar (1.7.0)
  - MaterialDesignColor (1.3)
  - NVActivityIndicatorView (2.1)
  - PNChart (0.8.7):
    - UICountingLabel (~> 1.2.0)
  - RKDropdownAlert (0.3.0)
  - UICountingLabel (1.2.0)

DEPENDENCIES:
  - BGTableViewRowActionWithImage (~> 0.1)
  - DGRunkeeperSwitch (~> 1.1)
  - FSCalendar (~> 1.6)
  - MaterialDesignColor (~> 1.3)
  - NVActivityIndicatorView (~> 2.1)
  - PNChart (~> 0.8)
  - RKDropdownAlert (~> 0.3)

SPEC CHECKSUMS:
  BGTableViewRowActionWithImage: 4093bc2f297e6f3aed95096c3df94418acef3cdb
  DGRunkeeperSwitch: da12f199532a99958a1e87ec0a5af61efdba11ec
  FSCalendar: ee727a0db4e915a606813ba9e87522ba59920b25
  MaterialDesignColor: a2ccceb2816a7573692805aa56bbd6f81ad77231
  NVActivityIndicatorView: 84aa48f7ec1efbfd0645e9f469097d94c6f65417
  PNChart: c1755716bbd45386d2035b2bf2ce73e6d3f8cb22
  RKDropdownAlert: f4b3364c251829ad439dc666836a1f2dad26f4c7
  UICountingLabel: 1db4e7d023e1762171eb226d6dff47a7a84f27aa

COCOAPODS: 0.39.0
