// !$*UTF8*$!
{
	archiveVersion = 1;
	classes = {
	};
	objectVersion = 46;
	objects = {

/* Begin PBXBuildFile section */
		071E47661BFE2AD80090567E /* FoodDetailsViewController.swift in Sources */ = {isa = PBXBuildFile; fileRef = 071E47651BFE2AD80090567E /* FoodDetailsViewController.swift */; };
		071E476C1BFE33210090567E /* NDBNutrient.swift in Sources */ = {isa = PBXBuildFile; fileRef = 071E47681BFE33210090567E /* NDBNutrient.swift */; };
		071E476E1BFE33210090567E /* NDBItemMeasure.swift in Sources */ = {isa = PBXBuildFile; fileRef = 071E476A1BFE33210090567E /* NDBItemMeasure.swift */; };
		072126AA1BFA75AA0088CA54 /* NDB.swift in Sources */ = {isa = PBXBuildFile; fileRef = 072126A91BFA75AA0088CA54 /* NDB.swift */; };
		073BF2B31BFA033200974A6A /* AppDelegate.swift in Sources */ = {isa = PBXBuildFile; fileRef = 073BF2B21BFA033200974A6A /* AppDelegate.swift */; };
		073BF2B51BFA033200974A6A /* CalendarViewController.swift in Sources */ = {isa = PBXBuildFile; fileRef = 073BF2B41BFA033200974A6A /* CalendarViewController.swift */; };
		073BF2B81BFA033200974A6A /* Main.storyboard in Resources */ = {isa = PBXBuildFile; fileRef = 073BF2B61BFA033200974A6A /* Main.storyboard */; };
		073BF2BA1BFA033200974A6A /* Assets.xcassets in Resources */ = {isa = PBXBuildFile; fileRef = 073BF2B91BFA033200974A6A /* Assets.xcassets */; };
		073BF2BD1BFA033200974A6A /* LaunchScreen.storyboard in Resources */ = {isa = PBXBuildFile; fileRef = 073BF2BB1BFA033200974A6A /* LaunchScreen.storyboard */; };
		074B50561BFB515900056BC6 /* CoreDataStackManager.swift in Sources */ = {isa = PBXBuildFile; fileRef = 074B50551BFB515900056BC6 /* CoreDataStackManager.swift */; };
		074B50591BFB519C00056BC6 /* Model.xcdatamodeld in Sources */ = {isa = PBXBuildFile; fileRef = 074B50571BFB519C00056BC6 /* Model.xcdatamodeld */; };
		0769C3671BFC70A800BF089F /* NDBItem.swift in Sources */ = {isa = PBXBuildFile; fileRef = 0769C3651BFC70A800BF089F /* NDBItem.swift */; };
		077E81D61BFA9B2A00AF8AFE /* SettingsTableViewController.swift in Sources */ = {isa = PBXBuildFile; fileRef = 077E81D51BFA9B2A00AF8AFE /* SettingsTableViewController.swift */; };
		077E81D81BFAA40800AF8AFE /* SwitchCell.swift in Sources */ = {isa = PBXBuildFile; fileRef = 077E81D71BFAA40800AF8AFE /* SwitchCell.swift */; };
		07D2E47A1BFA2245005AEB4E /* FoodsViewController.swift in Sources */ = {isa = PBXBuildFile; fileRef = 07D2E4791BFA2245005AEB4E /* FoodsViewController.swift */; };
		07D2E4841BFA3AD6005AEB4E /* Parse.swift in Sources */ = {isa = PBXBuildFile; fileRef = 07D2E4831BFA3AD6005AEB4E /* Parse.swift */; };
		07EFEB9E1BFA128900DC846E /* Extensions.swift in Sources */ = {isa = PBXBuildFile; fileRef = 07EFEB9D1BFA128900DC846E /* Extensions.swift */; };
		A592B484D3195494097AA106 /* Pods.framework in Frameworks */ = {isa = PBXBuildFile; fileRef = 3131F3643ED48BCE4A4B5731 /* Pods.framework */; };
/* End PBXBuildFile section */

/* Begin PBXFileReference section */
		071E47651BFE2AD80090567E /* FoodDetailsViewController.swift */ = {isa = PBXFileReference; fileEncoding = 4; lastKnownFileType = sourcecode.swift; path = FoodDetailsViewController.swift; sourceTree = "<group>"; };
		071E47681BFE33210090567E /* NDBNutrient.swift */ = {isa = PBXFileReference; fileEncoding = 4; lastKnownFileType = sourcecode.swift; path = NDBNutrient.swift; sourceTree = "<group>"; };
		071E476A1BFE33210090567E /* NDBItemMeasure.swift */ = {isa = PBXFileReference; fileEncoding = 4; lastKnownFileType = sourcecode.swift; path = NDBItemMeasure.swift; sourceTree = "<group>"; };
		072126A91BFA75AA0088CA54 /* NDB.swift */ = {isa = PBXFileReference; fileEncoding = 4; lastKnownFileType = sourcecode.swift; path = NDB.swift; sourceTree = "<group>"; };
		073BF2AF1BFA033200974A6A /* FoodTracker.app */ = {isa = PBXFileReference; explicitFileType = wrapper.application; includeInIndex = 0; path = FoodTracker.app; sourceTree = BUILT_PRODUCTS_DIR; };
		073BF2B21BFA033200974A6A /* AppDelegate.swift */ = {isa = PBXFileReference; lastKnownFileType = sourcecode.swift; path = AppDelegate.swift; sourceTree = "<group>"; };
		073BF2B41BFA033200974A6A /* CalendarViewController.swift */ = {isa = PBXFileReference; lastKnownFileType = sourcecode.swift; path = CalendarViewController.swift; sourceTree = "<group>"; };
		073BF2B71BFA033200974A6A /* Base */ = {isa = PBXFileReference; lastKnownFileType = file.storyboard; name = Base; path = Base.lproj/Main.storyboard; sourceTree = "<group>"; };
		073BF2B91BFA033200974A6A /* Assets.xcassets */ = {isa = PBXFileReference; lastKnownFileType = folder.assetcatalog; path = Assets.xcassets; sourceTree = "<group>"; };
		073BF2BC1BFA033200974A6A /* Base */ = {isa = PBXFileReference; lastKnownFileType = file.storyboard; name = Base; path = Base.lproj/LaunchScreen.storyboard; sourceTree = "<group>"; };
		073BF2BE1BFA033200974A6A /* Info.plist */ = {isa = PBXFileReference; lastKnownFileType = text.plist.xml; path = Info.plist; sourceTree = "<group>"; };
		074B50551BFB515900056BC6 /* CoreDataStackManager.swift */ = {isa = PBXFileReference; fileEncoding = 4; lastKnownFileType = sourcecode.swift; path = CoreDataStackManager.swift; sourceTree = "<group>"; };
		074B50581BFB519C00056BC6 /* Model.xcdatamodel */ = {isa = PBXFileReference; lastKnownFileType = wrapper.xcdatamodel; path = Model.xcdatamodel; sourceTree = "<group>"; };
		0769C3651BFC70A800BF089F /* NDBItem.swift */ = {isa = PBXFileReference; fileEncoding = 4; lastKnownFileType = sourcecode.swift; path = NDBItem.swift; sourceTree = "<group>"; };
		077E81D51BFA9B2A00AF8AFE /* SettingsTableViewController.swift */ = {isa = PBXFileReference; fileEncoding = 4; lastKnownFileType = sourcecode.swift; path = SettingsTableViewController.swift; sourceTree = "<group>"; };
		077E81D71BFAA40800AF8AFE /* SwitchCell.swift */ = {isa = PBXFileReference; fileEncoding = 4; lastKnownFileType = sourcecode.swift; path = SwitchCell.swift; sourceTree = "<group>"; };
		07D2E4791BFA2245005AEB4E /* FoodsViewController.swift */ = {isa = PBXFileReference; fileEncoding = 4; lastKnownFileType = sourcecode.swift; path = FoodsViewController.swift; sourceTree = "<group>"; };
		07D2E4831BFA3AD6005AEB4E /* Parse.swift */ = {isa = PBXFileReference; fileEncoding = 4; lastKnownFileType = sourcecode.swift; path = Parse.swift; sourceTree = "<group>"; };
		07EFEB9D1BFA128900DC846E /* Extensions.swift */ = {isa = PBXFileReference; fileEncoding = 4; lastKnownFileType = sourcecode.swift; path = Extensions.swift; sourceTree = "<group>"; };
		3131F3643ED48BCE4A4B5731 /* Pods.framework */ = {isa = PBXFileReference; explicitFileType = wrapper.framework; includeInIndex = 0; path = Pods.framework; sourceTree = BUILT_PRODUCTS_DIR; };
		AE356297B4B0C72C5CD48714 /* Pods.debug.xcconfig */ = {isa = PBXFileReference; includeInIndex = 1; lastKnownFileType = text.xcconfig; name = Pods.debug.xcconfig; path = "Pods/Target Support Files/Pods/Pods.debug.xcconfig"; sourceTree = "<group>"; };
		F7F3354E30FDF034BF7E1587 /* Pods.release.xcconfig */ = {isa = PBXFileReference; includeInIndex = 1; lastKnownFileType = text.xcconfig; name = Pods.release.xcconfig; path = "Pods/Target Support Files/Pods/Pods.release.xcconfig"; sourceTree = "<group>"; };
/* End PBXFileReference section */

/* Begin PBXFrameworksBuildPhase section */
		073BF2AC1BFA033200974A6A /* Frameworks */ = {
			isa = PBXFrameworksBuildPhase;
			buildActionMask = 2147483647;
			files = (
				A592B484D3195494097AA106 /* Pods.framework in Frameworks */,
			);
			runOnlyForDeploymentPostprocessing = 0;
		};
/* End PBXFrameworksBuildPhase section */

/* Begin PBXGroup section */
		073BF2A61BFA033200974A6A = {
			isa = PBXGroup;
			children = (
				073BF2B11BFA033200974A6A /* FoodTracker */,
				073BF2B01BFA033200974A6A /* Products */,
				76DC6BDFF645CC0FF05A2FC1 /* Pods */,
				8AF2921CE4D0CDA914E91193 /* Frameworks */,
			);
			sourceTree = "<group>";
		};
		073BF2B01BFA033200974A6A /* Products */ = {
			isa = PBXGroup;
			children = (
				073BF2AF1BFA033200974A6A /* FoodTracker.app */,
			);
			name = Products;
			sourceTree = "<group>";
		};
		073BF2B11BFA033200974A6A /* FoodTracker */ = {
			isa = PBXGroup;
			children = (
				073BF2B21BFA033200974A6A /* AppDelegate.swift */,
				07D2E4851BFA3ADC005AEB4E /* APIs */,
				07D2E4791BFA2245005AEB4E /* FoodsViewController.swift */,
				071E47651BFE2AD80090567E /* FoodDetailsViewController.swift */,
				074B50601BFB531F00056BC6 /* CoreData */,
				073BF2B41BFA033200974A6A /* CalendarViewController.swift */,
				077E81D51BFA9B2A00AF8AFE /* SettingsTableViewController.swift */,
				077E81D71BFAA40800AF8AFE /* SwitchCell.swift */,
				073BF2B61BFA033200974A6A /* Main.storyboard */,
				073BF2B91BFA033200974A6A /* Assets.xcassets */,
				07EFEB9F1BFA155300DC846E /* Supporting Files */,
			);
			path = FoodTracker;
			sourceTree = "<group>";
		};
		074B50601BFB531F00056BC6 /* CoreData */ = {
			isa = PBXGroup;
			children = (
				0769C3651BFC70A800BF089F /* NDBItem.swift */,
				071E476A1BFE33210090567E /* NDBItemMeasure.swift */,
				071E47681BFE33210090567E /* NDBNutrient.swift */,
				074B50551BFB515900056BC6 /* CoreDataStackManager.swift */,
				074B50571BFB519C00056BC6 /* Model.xcdatamodeld */,
			);
			name = CoreData;
			sourceTree = "<group>";
		};
		07D2E4851BFA3ADC005AEB4E /* APIs */ = {
			isa = PBXGroup;
			children = (
				072126A91BFA75AA0088CA54 /* NDB.swift */,
				07D2E4831BFA3AD6005AEB4E /* Parse.swift */,
			);
			name = APIs;
			sourceTree = "<group>";
		};
		07EFEB9F1BFA155300DC846E /* Supporting Files */ = {
			isa = PBXGroup;
			children = (
				07EFEB9D1BFA128900DC846E /* Extensions.swift */,
				073BF2BB1BFA033200974A6A /* LaunchScreen.storyboard */,
				073BF2BE1BFA033200974A6A /* Info.plist */,
			);
			name = "Supporting Files";
			sourceTree = "<group>";
		};
		76DC6BDFF645CC0FF05A2FC1 /* Pods */ = {
			isa = PBXGroup;
			children = (
				AE356297B4B0C72C5CD48714 /* Pods.debug.xcconfig */,
				F7F3354E30FDF034BF7E1587 /* Pods.release.xcconfig */,
			);
			name = Pods;
			sourceTree = "<group>";
		};
		8AF2921CE4D0CDA914E91193 /* Frameworks */ = {
			isa = PBXGroup;
			children = (
				3131F3643ED48BCE4A4B5731 /* Pods.framework */,
			);
			name = Frameworks;
			sourceTree = "<group>";
		};
/* End PBXGroup section */

/* Begin PBXNativeTarget section */
		073BF2AE1BFA033200974A6A /* FoodTracker */ = {
			isa = PBXNativeTarget;
			buildConfigurationList = 073BF2C11BFA033200974A6A /* Build configuration list for PBXNativeTarget "FoodTracker" */;
			buildPhases = (
				66616229FAF8FEB9CE74774F /* Check Pods Manifest.lock */,
				073BF2AB1BFA033200974A6A /* Sources */,
				073BF2AC1BFA033200974A6A /* Frameworks */,
				073BF2AD1BFA033200974A6A /* Resources */,
				6C4C06F33E1C1E750A723D61 /* Embed Pods Frameworks */,
				A5415B53A35564922EB1F8EC /* Copy Pods Resources */,
			);
			buildRules = (
			);
			dependencies = (
			);
			name = FoodTracker;
			productName = FoodTracker;
			productReference = 073BF2AF1BFA033200974A6A /* FoodTracker.app */;
			productType = "com.apple.product-type.application";
		};
/* End PBXNativeTarget section */

/* Begin PBXProject section */
		073BF2A71BFA033200974A6A /* Project object */ = {
			isa = PBXProject;
			attributes = {
				LastSwiftUpdateCheck = 0710;
				LastUpgradeCheck = 0710;
				ORGANIZATIONNAME = "Omar Albeik";
				TargetAttributes = {
					073BF2AE1BFA033200974A6A = {
						CreatedOnToolsVersion = 7.1.1;
					};
				};
			};
			buildConfigurationList = 073BF2AA1BFA033200974A6A /* Build configuration list for PBXProject "FoodTracker" */;
			compatibilityVersion = "Xcode 3.2";
			developmentRegion = English;
			hasScannedForEncodings = 0;
			knownRegions = (
				en,
				Base,
			);
			mainGroup = 073BF2A61BFA033200974A6A;
			productRefGroup = 073BF2B01BFA033200974A6A /* Products */;
			projectDirPath = "";
			projectRoot = "";
			targets = (
				073BF2AE1BFA033200974A6A /* FoodTracker */,
			);
		};
/* End PBXProject section */

/* Begin PBXResourcesBuildPhase section */
		073BF2AD1BFA033200974A6A /* Resources */ = {
			isa = PBXResourcesBuildPhase;
			buildActionMask = 2147483647;
			files = (
				073BF2BD1BFA033200974A6A /* LaunchScreen.storyboard in Resources */,
				073BF2BA1BFA033200974A6A /* Assets.xcassets in Resources */,
				073BF2B81BFA033200974A6A /* Main.storyboard in Resources */,
			);
			runOnlyForDeploymentPostprocessing = 0;
		};
/* End PBXResourcesBuildPhase section */

/* Begin PBXShellScriptBuildPhase section */
		66616229FAF8FEB9CE74774F /* Check Pods Manifest.lock */ = {
			isa = PBXShellScriptBuildPhase;
			buildActionMask = 2147483647;
			files = (
			);
			inputPaths = (
			);
			name = "Check Pods Manifest.lock";
			outputPaths = (
			);
			runOnlyForDeploymentPostprocessing = 0;
			shellPath = /bin/sh;
			shellScript = "diff \"${PODS_ROOT}/../Podfile.lock\" \"${PODS_ROOT}/Manifest.lock\" > /dev/null\nif [[ $? != 0 ]] ; then\n    cat << EOM\nerror: The sandbox is not in sync with the Podfile.lock. Run 'pod install' or update your CocoaPods installation.\nEOM\n    exit 1\nfi\n";
			showEnvVarsInLog = 0;
		};
		6C4C06F33E1C1E750A723D61 /* Embed Pods Frameworks */ = {
			isa = PBXShellScriptBuildPhase;
			buildActionMask = 2147483647;
			files = (
			);
			inputPaths = (
			);
			name = "Embed Pods Frameworks";
			outputPaths = (
			);
			runOnlyForDeploymentPostprocessing = 0;
			shellPath = /bin/sh;
			shellScript = "\"${SRCROOT}/Pods/Target Support Files/Pods/Pods-frameworks.sh\"\n";
			showEnvVarsInLog = 0;
		};
		A5415B53A35564922EB1F8EC /* Copy Pods Resources */ = {
			isa = PBXShellScriptBuildPhase;
			buildActionMask = 2147483647;
			files = (
			);
			inputPaths = (
			);
			name = "Copy Pods Resources";
			outputPaths = (
			);
			runOnlyForDeploymentPostprocessing = 0;
			shellPath = /bin/sh;
			shellScript = "\"${SRCROOT}/Pods/Target Support Files/Pods/Pods-resources.sh\"\n";
			showEnvVarsInLog = 0;
		};
/* End PBXShellScriptBuildPhase section */

/* Begin PBXSourcesBuildPhase section */
		073BF2AB1BFA033200974A6A /* Sources */ = {
			isa = PBXSourcesBuildPhase;
			buildActionMask = 2147483647;
			files = (
				073BF2B51BFA033200974A6A /* CalendarViewController.swift in Sources */,
				07EFEB9E1BFA128900DC846E /* Extensions.swift in Sources */,
				074B50561BFB515900056BC6 /* CoreDataStackManager.swift in Sources */,
				072126AA1BFA75AA0088CA54 /* NDB.swift in Sources */,
				07D2E47A1BFA2245005AEB4E /* FoodsViewController.swift in Sources */,
				07D2E4841BFA3AD6005AEB4E /* Parse.swift in Sources */,
				077E81D81BFAA40800AF8AFE /* SwitchCell.swift in Sources */,
				074B50591BFB519C00056BC6 /* Model.xcdatamodeld in Sources */,
				071E476E1BFE33210090567E /* NDBItemMeasure.swift in Sources */,
				0769C3671BFC70A800BF089F /* NDBItem.swift in Sources */,
				073BF2B31BFA033200974A6A /* AppDelegate.swift in Sources */,
				077E81D61BFA9B2A00AF8AFE /* SettingsTableViewController.swift in Sources */,
				071E47661BFE2AD80090567E /* FoodDetailsViewController.swift in Sources */,
				071E476C1BFE33210090567E /* NDBNutrient.swift in Sources */,
			);
			runOnlyForDeploymentPostprocessing = 0;
		};
/* End PBXSourcesBuildPhase section */

/* Begin PBXVariantGroup section */
		073BF2B61BFA033200974A6A /* Main.storyboard */ = {
			isa = PBXVariantGroup;
			children = (
				073BF2B71BFA033200974A6A /* Base */,
			);
			name = Main.storyboard;
			sourceTree = "<group>";
		};
		073BF2BB1BFA033200974A6A /* LaunchScreen.storyboard */ = {
			isa = PBXVariantGroup;
			children = (
				073BF2BC1BFA033200974A6A /* Base */,
			);
			name = LaunchScreen.storyboard;
			sourceTree = "<group>";
		};
/* End PBXVariantGroup section */

/* Begin XCBuildConfiguration section */
		073BF2BF1BFA033200974A6A /* Debug */ = {
			isa = XCBuildConfiguration;
			buildSettings = {
				ALWAYS_SEARCH_USER_PATHS = NO;
				CLANG_CXX_LANGUAGE_STANDARD = "gnu++0x";
				CLANG_CXX_LIBRARY = "libc++";
				CLANG_ENABLE_MODULES = YES;
				CLANG_ENABLE_OBJC_ARC = YES;
				CLANG_WARN_BOOL_CONVERSION = YES;
				CLANG_WARN_CONSTANT_CONVERSION = YES;
				CLANG_WARN_DIRECT_OBJC_ISA_USAGE = YES_ERROR;
				CLANG_WARN_EMPTY_BODY = YES;
				CLANG_WARN_ENUM_CONVERSION = YES;
				CLANG_WARN_INT_CONVERSION = YES;
				CLANG_WARN_OBJC_ROOT_CLASS = YES_ERROR;
				CLANG_WARN_UNREACHABLE_CODE = YES;
				CLANG_WARN__DUPLICATE_METHOD_MATCH = YES;
				"CODE_SIGN_IDENTITY[sdk=iphoneos*]" = "iPhone Developer";
				COPY_PHASE_STRIP = NO;
				DEBUG_INFORMATION_FORMAT = dwarf;
				ENABLE_STRICT_OBJC_MSGSEND = YES;
				ENABLE_TESTABILITY = YES;
				GCC_C_LANGUAGE_STANDARD = gnu99;
				GCC_DYNAMIC_NO_PIC = NO;
				GCC_NO_COMMON_BLOCKS = YES;
				GCC_OPTIMIZATION_LEVEL = 0;
				GCC_PREPROCESSOR_DEFINITIONS = (
					"DEBUG=1",
					"$(inherited)",
				);
				GCC_WARN_64_TO_32_BIT_CONVERSION = YES;
				GCC_WARN_ABOUT_RETURN_TYPE = YES_ERROR;
				GCC_WARN_UNDECLARED_SELECTOR = YES;
				GCC_WARN_UNINITIALIZED_AUTOS = YES_AGGRESSIVE;
				GCC_WARN_UNUSED_FUNCTION = YES;
				GCC_WARN_UNUSED_VARIABLE = YES;
				IPHONEOS_DEPLOYMENT_TARGET = 9.1;
				MTL_ENABLE_DEBUG_INFO = YES;
				ONLY_ACTIVE_ARCH = YES;
				SDKROOT = iphoneos;
				SWIFT_OPTIMIZATION_LEVEL = "-Onone";
				TARGETED_DEVICE_FAMILY = "1,2";
			};
			name = Debug;
		};
		073BF2C01BFA033200974A6A /* Release */ = {
			isa = XCBuildConfiguration;
			buildSettings = {
				ALWAYS_SEARCH_USER_PATHS = NO;
				CLANG_CXX_LANGUAGE_STANDARD = "gnu++0x";
				CLANG_CXX_LIBRARY = "libc++";
				CLANG_ENABLE_MODULES = YES;
				CLANG_ENABLE_OBJC_ARC = YES;
				CLANG_WARN_BOOL_CONVERSION = YES;
				CLANG_WARN_CONSTANT_CONVERSION = YES;
				CLANG_WARN_DIRECT_OBJC_ISA_USAGE = YES_ERROR;
				CLANG_WARN_EMPTY_BODY = YES;
				CLANG_WARN_ENUM_CONVERSION = YES;
				CLANG_WARN_INT_CONVERSION = YES;
				CLANG_WARN_OBJC_ROOT_CLASS = YES_ERROR;
				CLANG_WARN_UNREACHABLE_CODE = YES;
				CLANG_WARN__DUPLICATE_METHOD_MATCH = YES;
				"CODE_SIGN_IDENTITY[sdk=iphoneos*]" = "iPhone Developer";
				COPY_PHASE_STRIP = NO;
				DEBUG_INFORMATION_FORMAT = "dwarf-with-dsym";
				ENABLE_NS_ASSERTIONS = NO;
				ENABLE_STRICT_OBJC_MSGSEND = YES;
				GCC_C_LANGUAGE_STANDARD = gnu99;
				GCC_NO_COMMON_BLOCKS = YES;
				GCC_WARN_64_TO_32_BIT_CONVERSION = YES;
				GCC_WARN_ABOUT_RETURN_TYPE = YES_ERROR;
				GCC_WARN_UNDECLARED_SELECTOR = YES;
				GCC_WARN_UNINITIALIZED_AUTOS = YES_AGGRESSIVE;
				GCC_WARN_UNUSED_FUNCTION = YES;
				GCC_WARN_UNUSED_VARIABLE = YES;
				IPHONEOS_DEPLOYMENT_TARGET = 9.1;
				MTL_ENABLE_DEBUG_INFO = NO;
				SDKROOT = iphoneos;
				TARGETED_DEVICE_FAMILY = "1,2";
				VALIDATE_PRODUCT = YES;
			};
			name = Release;
		};
		073BF2C21BFA033200974A6A /* Debug */ = {
			isa = XCBuildConfiguration;
			baseConfigurationReference = AE356297B4B0C72C5CD48714 /* Pods.debug.xcconfig */;
			buildSettings = {
				ASSETCATALOG_COMPILER_APPICON_NAME = AppIcon;
				INFOPLIST_FILE = FoodTracker/Info.plist;
				LD_RUNPATH_SEARCH_PATHS = "$(inherited) @executable_path/Frameworks";
				PRODUCT_BUNDLE_IDENTIFIER = com.omaralbeik.FoodTracker;
				PRODUCT_NAME = "$(TARGET_NAME)";
			};
			name = Debug;
		};
		073BF2C31BFA033200974A6A /* Release */ = {
			isa = XCBuildConfiguration;
			baseConfigurationReference = F7F3354E30FDF034BF7E1587 /* Pods.release.xcconfig */;
			buildSettings = {
				ASSETCATALOG_COMPILER_APPICON_NAME = AppIcon;
				INFOPLIST_FILE = FoodTracker/Info.plist;
				LD_RUNPATH_SEARCH_PATHS = "$(inherited) @executable_path/Frameworks";
				PRODUCT_BUNDLE_IDENTIFIER = com.omaralbeik.FoodTracker;
				PRODUCT_NAME = "$(TARGET_NAME)";
			};
			name = Release;
		};
/* End XCBuildConfiguration section */

/* Begin XCConfigurationList section */
		073BF2AA1BFA033200974A6A /* Build configuration list for PBXProject "FoodTracker" */ = {
			isa = XCConfigurationList;
			buildConfigurations = (
				073BF2BF1BFA033200974A6A /* Debug */,
				073BF2C01BFA033200974A6A /* Release */,
			);
			defaultConfigurationIsVisible = 0;
			defaultConfigurationName = Release;
		};
		073BF2C11BFA033200974A6A /* Build configuration list for PBXNativeTarget "FoodTracker" */ = {
			isa = XCConfigurationList;
			buildConfigurations = (
				073BF2C21BFA033200974A6A /* Debug */,
				073BF2C31BFA033200974A6A /* Release */,
			);
			defaultConfigurationIsVisible = 0;
			defaultConfigurationName = Release;
		};
/* End XCConfigurationList section */

/* Begin XCVersionGroup section */
		074B50571BFB519C00056BC6 /* Model.xcdatamodeld */ = {
			isa = XCVersionGroup;
			children = (
				074B50581BFB519C00056BC6 /* Model.xcdatamodel */,
			);
			currentVersion = 074B50581BFB519C00056BC6 /* Model.xcdatamodel */;
			path = Model.xcdatamodeld;
			sourceTree = "<group>";
			versionGroupType = wrapper.xcdatamodel;
		};
/* End XCVersionGroup section */
	};
	rootObject = 073BF2A71BFA033200974A6A /* Project object */;
}
